
Microsoft Visual Studio Solution File, Format Version 12.00
# Visual Studio Version 17
VisualStudioVersion = 17.4.33213.308
MinimumVisualStudioVersion = 10.0.40219.1
Project("{9A19103F-16F7-4668-BE54-9A1E7A4F7556}") = "ClientConvertisseurV1", "ClientConvertisseurV1\ClientConvertisseurV1.csproj", "{077A5071-B30A-4B67-BB3C-05ABC2A0FD75}"
EndProject
Project("{9A19103F-16F7-4668-BE54-9A1E7A4F7556}") = "ClientConvertisseurV2", "ClientConvertisseurV2\ClientConvertisseurV2.csproj", "{0DCE8402-E46B-4FCD-AAC3-BD0030076872}"
EndProject
Project("{FAE04EC0-301F-11D3-BF4B-00C04F79EFBC}") = "ClientConvertisseurV2Tests", "ClientConvertisseurV2Tests\ClientConvertisseurV2Tests.csproj", "{30BFFF32-37FB-41F9-9B8A-8689FBD1BEC9}"
EndProject
Global
	GlobalSection(SolutionConfigurationPlatforms) = preSolution
		Debug|Any CPU = Debug|Any CPU
		Debug|ARM64 = Debug|ARM64
		Debug|x64 = Debug|x64
		Debug|x86 = Debug|x86
		Release|Any CPU = Release|Any CPU
		Release|ARM64 = Release|ARM64
		Release|x64 = Release|x64
		Release|x86 = Release|x86
	EndGlobalSection
	GlobalSection(ProjectConfigurationPlatforms) = postSolution
		{077A5071-B30A-4B67-BB3C-05ABC2A0FD75}.Debug|Any CPU.ActiveCfg = Debug|x64
		{077A5071-B30A-4B67-BB3C-05ABC2A0FD75}.Debug|Any CPU.Build.0 = Debug|x64
		{077A5071-B30A-4B67-BB3C-05ABC2A0FD75}.Debug|Any CPU.Deploy.0 = Debug|x64
		{077A5071-B30A-4B67-BB3C-05ABC2A0FD75}.Debug|ARM64.ActiveCfg = Debug|ARM64
		{077A5071-B30A-4B67-BB3C-05ABC2A0FD75}.Debug|ARM64.Build.0 = Debug|ARM64
		{077A5071-B30A-4B67-BB3C-05ABC2A0FD75}.Debug|ARM64.Deploy.0 = Debug|ARM64
		{077A5071-B30A-4B67-BB3C-05ABC2A0FD75}.Debug|x64.ActiveCfg = Debug|x64
		{077A5071-B30A-4B67-BB3C-05ABC2A0FD75}.Debug|x64.Build.0 = Debug|x64
		{077A5071-B30A-4B67-BB3C-05ABC2A0FD75}.Debug|x64.Deploy.0 = Debug|x64
		{077A5071-B30A-4B67-BB3C-05ABC2A0FD75}.Debug|x86.ActiveCfg = Debug|x86
		{077A5071-B30A-4B67-BB3C-05ABC2A0FD75}.Debug|x86.Build.0 = Debug|x86
		{077A5071-B30A-4B67-BB3C-05ABC2A0FD75}.Debug|x86.Deploy.0 = Debug|x86
		{077A5071-B30A-4B67-BB3C-05ABC2A0FD75}.Release|Any CPU.ActiveCfg = Release|x64
		{077A5071-B30A-4B67-BB3C-05ABC2A0FD75}.Release|Any CPU.Build.0 = Release|x64
		{077A5071-B30A-4B67-BB3C-05ABC2A0FD75}.Release|Any CPU.Deploy.0 = Release|x64
		{077A5071-B30A-4B67-BB3C-05ABC2A0FD75}.Release|ARM64.ActiveCfg = Release|ARM64
		{077A5071-B30A-4B67-BB3C-05ABC2A0FD75}.Release|ARM64.Build.0 = Release|ARM64
		{077A5071-B30A-4B67-BB3C-05ABC2A0FD75}.Release|ARM64.Deploy.0 = Release|ARM64
		{077A5071-B30A-4B67-BB3C-05ABC2A0FD75}.Release|x64.ActiveCfg = Release|x64
		{077A5071-B30A-4B67-BB3C-05ABC2A0FD75}.Release|x64.Build.0 = Release|x64
		{077A5071-B30A-4B67-BB3C-05ABC2A0FD75}.Release|x64.Deploy.0 = Release|x64
		{077A5071-B30A-4B67-BB3C-05ABC2A0FD75}.Release|x86.ActiveCfg = Release|x86
		{077A5071-B30A-4B67-BB3C-05ABC2A0FD75}.Release|x86.Build.0 = Release|x86
		{077A5071-B30A-4B67-BB3C-05ABC2A0FD75}.Release|x86.Deploy.0 = Release|x86
		{0DCE8402-E46B-4FCD-AAC3-BD0030076872}.Debug|Any CPU.ActiveCfg = Debug|x64
		{0DCE8402-E46B-4FCD-AAC3-BD0030076872}.Debug|Any CPU.Build.0 = Debug|x64
		{0DCE8402-E46B-4FCD-AAC3-BD0030076872}.Debug|Any CPU.Deploy.0 = Debug|x64
		{0DCE8402-E46B-4FCD-AAC3-BD0030076872}.Debug|ARM64.ActiveCfg = Debug|ARM64
		{0DCE8402-E46B-4FCD-AAC3-BD0030076872}.Debug|ARM64.Build.0 = Debug|ARM64
		{0DCE8402-E46B-4FCD-AAC3-BD0030076872}.Debug|ARM64.Deploy.0 = Debug|ARM64
		{0DCE8402-E46B-4FCD-AAC3-BD0030076872}.Debug|x64.ActiveCfg = Debug|x64
		{0DCE8402-E46B-4FCD-AAC3-BD0030076872}.Debug|x64.Build.0 = Debug|x64
		{0DCE8402-E46B-4FCD-AAC3-BD0030076872}.Debug|x64.Deploy.0 = Debug|x64
		{0DCE8402-E46B-4FCD-AAC3-BD0030076872}.Debug|x86.ActiveCfg = Debug|x86
		{0DCE8402-E46B-4FCD-AAC3-BD0030076872}.Debug|x86.Build.0 = Debug|x86
		{0DCE8402-E46B-4FCD-AAC3-BD0030076872}.Debug|x86.Deploy.0 = Debug|x86
		{0DCE8402-E46B-4FCD-AAC3-BD0030076872}.Release|Any CPU.ActiveCfg = Release|x64
		{0DCE8402-E46B-4FCD-AAC3-BD0030076872}.Release|Any CPU.Build.0 = Release|x64
		{0DCE8402-E46B-4FCD-AAC3-BD0030076872}.Release|Any CPU.Deploy.0 = Release|x64
		{0DCE8402-E46B-4FCD-AAC3-BD0030076872}.Release|ARM64.ActiveCfg = Release|ARM64
		{0DCE8402-E46B-4FCD-AAC3-BD0030076872}.Release|ARM64.Build.0 = Release|ARM64
		{0DCE8402-E46B-4FCD-AAC3-BD0030076872}.Release|ARM64.Deploy.0 = Release|ARM64
		{0DCE8402-E46B-4FCD-AAC3-BD0030076872}.Release|x64.ActiveCfg = Release|x64
		{0DCE8402-E46B-4FCD-AAC3-BD0030076872}.Release|x64.Build.0 = Release|x64
		{0DCE8402-E46B-4FCD-AAC3-BD0030076872}.Release|x64.Deploy.0 = Release|x64
		{0DCE8402-E46B-4FCD-AAC3-BD0030076872}.Release|x86.ActiveCfg = Release|x86
		{0DCE8402-E46B-4FCD-AAC3-BD0030076872}.Release|x86.Build.0 = Release|x86
		{0DCE8402-E46B-4FCD-AAC3-BD0030076872}.Release|x86.Deploy.0 = Release|x86
		{30BFFF32-37FB-41F9-9B8A-8689FBD1BEC9}.Debug|Any CPU.ActiveCfg = Debug|Any CPU
		{30BFFF32-37FB-41F9-9B8A-8689FBD1BEC9}.Debug|Any CPU.Build.0 = Debug|Any CPU
		{30BFFF32-37FB-41F9-9B8A-8689FBD1BEC9}.Debug|ARM64.ActiveCfg = Debug|Any CPU
		{30BFFF32-37FB-41F9-9B8A-8689FBD1BEC9}.Debug|ARM64.Build.0 = Debug|Any CPU
		{30BFFF32-37FB-41F9-9B8A-8689FBD1BEC9}.Debug|x64.ActiveCfg = Debug|Any CPU
		{30BFFF32-37FB-41F9-9B8A-8689FBD1BEC9}.Debug|x64.Build.0 = Debug|Any CPU
		{30BFFF32-37FB-41F9-9B8A-8689FBD1BEC9}.Debug|x86.ActiveCfg = Debug|Any CPU
		{30BFFF32-37FB-41F9-9B8A-8689FBD1BEC9}.Debug|x86.Build.0 = Debug|Any CPU
		{30BFFF32-37FB-41F9-9B8A-8689FBD1BEC9}.Release|Any CPU.ActiveCfg = Release|Any CPU
		{30BFFF32-37FB-41F9-9B8A-8689FBD1BEC9}.Release|Any CPU.Build.0 = Release|Any CPU
		{30BFFF32-37FB-41F9-9B8A-8689FBD1BEC9}.Release|ARM64.ActiveCfg = Release|Any CPU
		{30BFFF32-37FB-41F9-9B8A-8689FBD1BEC9}.Release|ARM64.Build.0 = Release|Any CPU
		{30BFFF32-37FB-41F9-9B8A-8689FBD1BEC9}.Release|x64.ActiveCfg = Release|Any CPU
		{30BFFF32-37FB-41F9-9B8A-8689FBD1BEC9}.Release|x64.Build.0 = Release|Any CPU
		{30BFFF32-37FB-41F9-9B8A-8689FBD1BEC9}.Release|x86.ActiveCfg = Release|Any CPU
		{30BFFF32-37FB-41F9-9B8A-8689FBD1BEC9}.Release|x86.Build.0 = Release|Any CPU
	EndGlobalSection
	GlobalSection(SolutionProperties) = preSolution
		HideSolutionNode = FALSE
	EndGlobalSection
	GlobalSection(ExtensibilityGlobals) = postSolution
		SolutionGuid = {CDF5A18E-E501-41F5-B9F7-E07F7D4C1A55}
	EndGlobalSection
EndGlobal
